# THIS IS AN AUTOGENERATED FILE. DO NOT EDIT THIS FILE DIRECTLY.
# yarn lockfile v1


esm@3.2.6:
  version "3.2.6"
  resolved "https://registry.yarnpkg.com/esm/-/esm-3.2.6.tgz#879e4888e631a6893f2afc24adb23d4dbe8fad30"
  integrity sha512-3wWjSurKSczMzYyHiBih3VVEQYCoZa6nfsqqcM2Tx6KBAQAeor0SZUfAol+zeVUtESLygayOi2ZcMfYZy7MCsg==
